
Microsoft Visual Studio Solution File, Format Version 12.00
# Visual Studio 14
VisualStudioVersion = 14.0.25420.1
MinimumVisualStudioVersion = 10.0.40219.1
Project("{2150E333-8FDC-42A3-9474-1A3956D46DE8}") = "1-Layers", "1-Layers", "{C77F9CAD-E164-4A13-B0A8-370FE844D8EE}"
EndProject
Project("{2150E333-8FDC-42A3-9474-1A3956D46DE8}") = "1.0-ModelingAndDesign", "1.0-ModelingAndDesign", "{DFE1B448-507F-4B12-B2B3-B783580B40DF}"
EndProject
Project("{2150E333-8FDC-42A3-9474-1A3956D46DE8}") = "1.1-Presentation", "1.1-Presentation", "{2AA9A839-87EA-4183-9DB8-D4F4AFC9FB37}"
EndProject
Project("{2150E333-8FDC-42A3-9474-1A3956D46DE8}") = "1.2-Application", "1.2-Application", "{0D42D368-5F28-4B3E-89E1-04213CC83732}"
EndProject
Project("{2150E333-8FDC-42A3-9474-1A3956D46DE8}") = "1.3-DistributedServices", "1.3-DistributedServices", "{E170FA6E-7E06-459C-9242-622B61B1B05F}"
EndProject
Project("{2150E333-8FDC-42A3-9474-1A3956D46DE8}") = "1.4-Domain", "1.4-Domain", "{2B4AAB66-0C72-4DB8-9868-33B18A75FABE}"
EndProject
Project("{2150E333-8FDC-42A3-9474-1A3956D46DE8}") = "1.5-Infrastructure", "1.5-Infrastructure", "{FEBBDFBB-6949-46B3-BCA3-781414A33981}"
EndProject
Project("{2150E333-8FDC-42A3-9474-1A3956D46DE8}") = "2-UnitTestProject", "2-UnitTestProject", "{3FA1EF17-43AB-4FB3-B1C8-9FD66519E72D}"
EndProject
Project("{2150E333-8FDC-42A3-9474-1A3956D46DE8}") = "1.1.1-WebServices", "1.1.1-WebServices", "{636F5A91-EB98-478F-97B0-E9C0A7A505C7}"
EndProject
Project("{FAE04EC0-301F-11D3-BF4B-00C04F79EFBC}") = "Application", "Application\Application.csproj", "{4B5642EB-462D-43F2-BFDC-6CA59098698A}"
EndProject
Project("{FAE04EC0-301F-11D3-BF4B-00C04F79EFBC}") = "DistributedServices", "DistributedServices\DistributedServices.csproj", "{3BD8DAE3-3F7D-4FAC-A8F1-D9782525D010}"
EndProject
Project("{FAE04EC0-301F-11D3-BF4B-00C04F79EFBC}") = "Domain", "Domain\Domain.csproj", "{D51228C9-D48A-4834-96FA-93C9D1D2AD5C}"
EndProject
Project("{FAE04EC0-301F-11D3-BF4B-00C04F79EFBC}") = "Infrastructure", "Infrastructure\Infrastructure.csproj", "{57F0F872-F113-4D39-8A37-193C5456D13C}"
EndProject
Project("{FAE04EC0-301F-11D3-BF4B-00C04F79EFBC}") = "UnitTestProject", "UnitTestProject\UnitTestProject.csproj", "{D66299FF-B4CA-41BA-B7E0-38411A0A8B1C}"
EndProject
Project("{FAE04EC0-301F-11D3-BF4B-00C04F79EFBC}") = "WSDL_BAN_MS_11_AcademiaPinares", "WSDL_BAN_MS_11_AcademiaPinares\WSDL_BAN_MS_11_AcademiaPinares.csproj", "{A485D380-4227-4E90-AE96-9E626349BEA5}"
EndProject
Global
	GlobalSection(SolutionConfigurationPlatforms) = preSolution
		Debug|Any CPU = Debug|Any CPU
		Release|Any CPU = Release|Any CPU
	EndGlobalSection
	GlobalSection(ProjectConfigurationPlatforms) = postSolution
		{4B5642EB-462D-43F2-BFDC-6CA59098698A}.Debug|Any CPU.ActiveCfg = Debug|Any CPU
		{4B5642EB-462D-43F2-BFDC-6CA59098698A}.Debug|Any CPU.Build.0 = Debug|Any CPU
		{4B5642EB-462D-43F2-BFDC-6CA59098698A}.Release|Any CPU.ActiveCfg = Release|Any CPU
		{4B5642EB-462D-43F2-BFDC-6CA59098698A}.Release|Any CPU.Build.0 = Release|Any CPU
		{3BD8DAE3-3F7D-4FAC-A8F1-D9782525D010}.Debug|Any CPU.ActiveCfg = Debug|Any CPU
		{3BD8DAE3-3F7D-4FAC-A8F1-D9782525D010}.Debug|Any CPU.Build.0 = Debug|Any CPU
		{3BD8DAE3-3F7D-4FAC-A8F1-D9782525D010}.Release|Any CPU.ActiveCfg = Release|Any CPU
		{3BD8DAE3-3F7D-4FAC-A8F1-D9782525D010}.Release|Any CPU.Build.0 = Release|Any CPU
		{D51228C9-D48A-4834-96FA-93C9D1D2AD5C}.Debug|Any CPU.ActiveCfg = Debug|Any CPU
		{D51228C9-D48A-4834-96FA-93C9D1D2AD5C}.Debug|Any CPU.Build.0 = Debug|Any CPU
		{D51228C9-D48A-4834-96FA-93C9D1D2AD5C}.Release|Any CPU.ActiveCfg = Release|Any CPU
		{D51228C9-D48A-4834-96FA-93C9D1D2AD5C}.Release|Any CPU.Build.0 = Release|Any CPU
		{57F0F872-F113-4D39-8A37-193C5456D13C}.Debug|Any CPU.ActiveCfg = Debug|Any CPU
		{57F0F872-F113-4D39-8A37-193C5456D13C}.Debug|Any CPU.Build.0 = Debug|Any CPU
		{57F0F872-F113-4D39-8A37-193C5456D13C}.Release|Any CPU.ActiveCfg = Release|Any CPU
		{57F0F872-F113-4D39-8A37-193C5456D13C}.Release|Any CPU.Build.0 = Release|Any CPU
		{D66299FF-B4CA-41BA-B7E0-38411A0A8B1C}.Debug|Any CPU.ActiveCfg = Debug|Any CPU
		{D66299FF-B4CA-41BA-B7E0-38411A0A8B1C}.Debug|Any CPU.Build.0 = Debug|Any CPU
		{D66299FF-B4CA-41BA-B7E0-38411A0A8B1C}.Release|Any CPU.ActiveCfg = Release|Any CPU
		{D66299FF-B4CA-41BA-B7E0-38411A0A8B1C}.Release|Any CPU.Build.0 = Release|Any CPU
		{A485D380-4227-4E90-AE96-9E626349BEA5}.Debug|Any CPU.ActiveCfg = Debug|Any CPU
		{A485D380-4227-4E90-AE96-9E626349BEA5}.Debug|Any CPU.Build.0 = Debug|Any CPU
		{A485D380-4227-4E90-AE96-9E626349BEA5}.Release|Any CPU.ActiveCfg = Release|Any CPU
		{A485D380-4227-4E90-AE96-9E626349BEA5}.Release|Any CPU.Build.0 = Release|Any CPU
	EndGlobalSection
	GlobalSection(SolutionProperties) = preSolution
		HideSolutionNode = FALSE
	EndGlobalSection
	GlobalSection(NestedProjects) = preSolution
		{DFE1B448-507F-4B12-B2B3-B783580B40DF} = {C77F9CAD-E164-4A13-B0A8-370FE844D8EE}
		{2AA9A839-87EA-4183-9DB8-D4F4AFC9FB37} = {C77F9CAD-E164-4A13-B0A8-370FE844D8EE}
		{0D42D368-5F28-4B3E-89E1-04213CC83732} = {C77F9CAD-E164-4A13-B0A8-370FE844D8EE}
		{E170FA6E-7E06-459C-9242-622B61B1B05F} = {C77F9CAD-E164-4A13-B0A8-370FE844D8EE}
		{2B4AAB66-0C72-4DB8-9868-33B18A75FABE} = {C77F9CAD-E164-4A13-B0A8-370FE844D8EE}
		{FEBBDFBB-6949-46B3-BCA3-781414A33981} = {C77F9CAD-E164-4A13-B0A8-370FE844D8EE}
		{636F5A91-EB98-478F-97B0-E9C0A7A505C7} = {2AA9A839-87EA-4183-9DB8-D4F4AFC9FB37}
		{4B5642EB-462D-43F2-BFDC-6CA59098698A} = {0D42D368-5F28-4B3E-89E1-04213CC83732}
		{3BD8DAE3-3F7D-4FAC-A8F1-D9782525D010} = {E170FA6E-7E06-459C-9242-622B61B1B05F}
		{D51228C9-D48A-4834-96FA-93C9D1D2AD5C} = {2B4AAB66-0C72-4DB8-9868-33B18A75FABE}
		{57F0F872-F113-4D39-8A37-193C5456D13C} = {FEBBDFBB-6949-46B3-BCA3-781414A33981}
		{D66299FF-B4CA-41BA-B7E0-38411A0A8B1C} = {3FA1EF17-43AB-4FB3-B1C8-9FD66519E72D}
		{A485D380-4227-4E90-AE96-9E626349BEA5} = {636F5A91-EB98-478F-97B0-E9C0A7A505C7}
	EndGlobalSection
EndGlobal
